// !$*UTF8*$!
{
	archiveVersion = 1;
	classes = {
	};
	objectVersion = 46;
	objects = {

/* Begin PBXBuildFile section */
		7B18058418F4AE8800488684 /* curryQtaire.m in Sources */ = {isa = PBXBuildFile; fileRef = 7B18058318F4AE8800488684 /* curryQtaire.m */; };
		7BA11A391918D29400BF7D2C /* TelnetServer.m in Sources */ = {isa = PBXBuildFile; fileRef = 7B1891B518A9C87F00E8A015 /* TelnetServer.m */; };
		7BA11A3A1918D29C00BF7D2C /* nyancat.m in Sources */ = {isa = PBXBuildFile; fileRef = 7B1891AF18A9C60D00E8A015 /* nyancat.m */; };
		7BC05C4A194B091800E60ACA /* atozio.m in Sources */ = {isa = PBXBuildFile; fileRef = 7BC05C49194B091800E60ACA /* atozio.m */; };
		7BC05C51194B091900E60ACA /* XCTest.framework in Frameworks */ = {isa = PBXBuildFile; fileRef = 7BC05C50194B091900E60ACA /* XCTest.framework */; };
		7BC05C52194B091900E60ACA /* Cocoa.framework in Frameworks */ = {isa = PBXBuildFile; fileRef = 7BC05C3F194B091800E60ACA /* Cocoa.framework */; };
		7BC05C55194B091900E60ACA /* libatozio.dylib in Frameworks */ = {isa = PBXBuildFile; fileRef = 7BC05C3D194B091800E60ACA /* libatozio.dylib */; };
		7BC05C5B194B091900E60ACA /* InfoPlist.strings in Resources */ = {isa = PBXBuildFile; fileRef = 7BC05C59194B091900E60ACA /* InfoPlist.strings */; };
		7BC05C5D194B091900E60ACA /* atozioTests.m in Sources */ = {isa = PBXBuildFile; fileRef = 7BC05C5C194B091900E60ACA /* atozioTests.m */; };
		7BC05C64194B096700E60ACA /* atozio.h in Headers */ = {isa = PBXBuildFile; fileRef = 7BC05C48194B091800E60ACA /* atozio.h */; settings = {ATTRIBUTES = (Public, ); }; };
		7BC05CA4194B40E900E60ACA /* libAQOptions.a in Frameworks */ = {isa = PBXBuildFile; fileRef = 7BC05CA3194B40DA00E60ACA /* libAQOptions.a */; };
/* End PBXBuildFile section */

/* Begin PBXContainerItemProxy section */
		7BC05C53194B091900E60ACA /* PBXContainerItemProxy */ = {
			isa = PBXContainerItemProxy;
			containerPortal = 7B18919518A9C5EA00E8A015 /* Project object */;
			proxyType = 1;
			remoteGlobalIDString = 7BC05C3C194B091800E60ACA;
			remoteInfo = atozio;
		};
		7BC05C65194B0A8200E60ACA /* PBXContainerItemProxy */ = {
			isa = PBXContainerItemProxy;
			containerPortal = 7B18919518A9C5EA00E8A015 /* Project object */;
			proxyType = 1;
			remoteGlobalIDString = 7BC05C3C194B091800E60ACA;
			remoteInfo = atozio;
		};
		7BC05C9E194B40DA00E60ACA /* PBXContainerItemProxy */ = {
			isa = PBXContainerItemProxy;
			containerPortal = 7BC05C98194B40D900E60ACA /* AQOptionParser.xcodeproj */;
			proxyType = 2;
			remoteGlobalIDString = 385FFB9A156D461000F3D09E;
			remoteInfo = AQOptionParser;
		};
		7BC05CA0194B40DA00E60ACA /* PBXContainerItemProxy */ = {
			isa = PBXContainerItemProxy;
			containerPortal = 7BC05C98194B40D900E60ACA /* AQOptionParser.xcodeproj */;
			proxyType = 2;
			remoteGlobalIDString = 385FFBB2156D461000F3D09E;
			remoteInfo = AQOptionParserTests;
		};
		7BC05CA2194B40DA00E60ACA /* PBXContainerItemProxy */ = {
			isa = PBXContainerItemProxy;
			containerPortal = 7BC05C98194B40D900E60ACA /* AQOptionParser.xcodeproj */;
			proxyType = 2;
			remoteGlobalIDString = 7BC05C6B194B3DB900E60ACA;
			remoteInfo = AQOptions;
		};
		7BC05CA5194B40EE00E60ACA /* PBXContainerItemProxy */ = {
			isa = PBXContainerItemProxy;
			containerPortal = 7BC05C98194B40D900E60ACA /* AQOptionParser.xcodeproj */;
			proxyType = 1;
			remoteGlobalIDString = 7BC05C6A194B3DB900E60ACA;
			remoteInfo = AQOptions;
		};
/* End PBXContainerItemProxy section */

/* Begin PBXFileReference section */
		7B18057E18F4AE8800488684 /* curryQtaire */ = {isa = PBXFileReference; explicitFileType = "compiled.mach-o.executable"; includeInIndex = 0; path = curryQtaire; sourceTree = BUILT_PRODUCTS_DIR; };
		7B18058318F4AE8800488684 /* curryQtaire.m */ = {isa = PBXFileReference; lastKnownFileType = sourcecode.c.objc; path = curryQtaire.m; sourceTree = "<group>"; };
		7B18919D18A9C5EA00E8A015 /* nyancat */ = {isa = PBXFileReference; explicitFileType = "compiled.mach-o.executable"; includeInIndex = 0; path = nyancat; sourceTree = BUILT_PRODUCTS_DIR; };
		7B1891A618A9C5EA00E8A015 /* nyancat-Prefix.pch */ = {isa = PBXFileReference; lastKnownFileType = sourcecode.c.h; name = "nyancat-Prefix.pch"; path = "nyancatX/nyancat-Prefix.pch"; sourceTree = "<group>"; };
		7B1891AE18A9C60D00E8A015 /* telnet.h */ = {isa = PBXFileReference; fileEncoding = 4; lastKnownFileType = sourcecode.c.h; name = telnet.h; path = ../src/telnet.h; sourceTree = "<group>"; };
		7B1891AF18A9C60D00E8A015 /* nyancat.m */ = {isa = PBXFileReference; fileEncoding = 4; lastKnownFileType = sourcecode.c.objc; name = nyancat.m; path = nyancatX/nyancat.m; sourceTree = "<group>"; };
		7B1891B018A9C60D00E8A015 /* nyancat.h */ = {isa = PBXFileReference; fileEncoding = 4; lastKnownFileType = sourcecode.c.h; name = nyancat.h; path = nyancatX/nyancat.h; sourceTree = "<group>"; };
		7B1891B118A9C60D00E8A015 /* animation.h */ = {isa = PBXFileReference; fileEncoding = 4; lastKnownFileType = sourcecode.c.h; name = animation.h; path = curryQtaire/animation.h; sourceTree = "<group>"; };
		7B1891B418A9C87F00E8A015 /* TelnetServer.h */ = {isa = PBXFileReference; fileEncoding = 4; lastKnownFileType = sourcecode.c.h; name = TelnetServer.h; path = nyancatX/TelnetServer.h; sourceTree = "<group>"; };
		7B1891B518A9C87F00E8A015 /* TelnetServer.m */ = {isa = PBXFileReference; fileEncoding = 4; lastKnownFileType = sourcecode.c.objc; name = TelnetServer.m; path = nyancatX/TelnetServer.m; sourceTree = "<group>"; };
		7BC05C3D194B091800E60ACA /* libatozio.dylib */ = {isa = PBXFileReference; explicitFileType = "compiled.mach-o.dylib"; includeInIndex = 0; path = libatozio.dylib; sourceTree = BUILT_PRODUCTS_DIR; };
		7BC05C3F194B091800E60ACA /* Cocoa.framework */ = {isa = PBXFileReference; lastKnownFileType = wrapper.framework; name = Cocoa.framework; path = System/Library/Frameworks/Cocoa.framework; sourceTree = SDKROOT; };
		7BC05C42194B091800E60ACA /* Foundation.framework */ = {isa = PBXFileReference; lastKnownFileType = wrapper.framework; name = Foundation.framework; path = System/Library/Frameworks/Foundation.framework; sourceTree = SDKROOT; };
		7BC05C43194B091800E60ACA /* CoreData.framework */ = {isa = PBXFileReference; lastKnownFileType = wrapper.framework; name = CoreData.framework; path = System/Library/Frameworks/CoreData.framework; sourceTree = SDKROOT; };
		7BC05C44194B091800E60ACA /* AppKit.framework */ = {isa = PBXFileReference; lastKnownFileType = wrapper.framework; name = AppKit.framework; path = System/Library/Frameworks/AppKit.framework; sourceTree = SDKROOT; };
		7BC05C47194B091800E60ACA /* atozio-Prefix.pch */ = {isa = PBXFileReference; lastKnownFileType = sourcecode.c.h; path = "atozio-Prefix.pch"; sourceTree = "<group>"; };
		7BC05C48194B091800E60ACA /* atozio.h */ = {isa = PBXFileReference; lastKnownFileType = sourcecode.c.h; path = atozio.h; sourceTree = "<group>"; };
		7BC05C49194B091800E60ACA /* atozio.m */ = {isa = PBXFileReference; lastKnownFileType = sourcecode.c.objc; path = atozio.m; sourceTree = "<group>"; };
		7BC05C4F194B091800E60ACA /* atozioTests.xctest */ = {isa = PBXFileReference; explicitFileType = wrapper.cfbundle; includeInIndex = 0; path = atozioTests.xctest; sourceTree = BUILT_PRODUCTS_DIR; };
		7BC05C50194B091900E60ACA /* XCTest.framework */ = {isa = PBXFileReference; lastKnownFileType = wrapper.framework; name = XCTest.framework; path = System/Library/Frameworks/XCTest.framework; sourceTree = SDKROOT; };
		7BC05C58194B091900E60ACA /* atozioTests-Info.plist */ = {isa = PBXFileReference; lastKnownFileType = text.plist.xml; path = "atozioTests-Info.plist"; sourceTree = "<group>"; };
		7BC05C5A194B091900E60ACA /* en */ = {isa = PBXFileReference; lastKnownFileType = text.plist.strings; name = en; path = en.lproj/InfoPlist.strings; sourceTree = "<group>"; };
		7BC05C5C194B091900E60ACA /* atozioTests.m */ = {isa = PBXFileReference; lastKnownFileType = sourcecode.c.objc; path = atozioTests.m; sourceTree = "<group>"; };
		7BC05C98194B40D900E60ACA /* AQOptionParser.xcodeproj */ = {isa = PBXFileReference; lastKnownFileType = "wrapper.pb-project"; name = AQOptionParser.xcodeproj; path = ../../../AQOptionParser/AQOptionParser.xcodeproj; sourceTree = "<group>"; };
		7BFF505F18F5718F006271B5 /* config.h.in */ = {isa = PBXFileReference; lastKnownFileType = text; path = config.h.in; sourceTree = "<group>"; };
		7BFF506018F5718F006271B5 /* configure */ = {isa = PBXFileReference; lastKnownFileType = text.script.sh; path = configure; sourceTree = "<group>"; };
		7BFF506118F5718F006271B5 /* configure.ac */ = {isa = PBXFileReference; lastKnownFileType = text; path = configure.ac; sourceTree = "<group>"; };
		7BFF506518F5718F006271B5 /* jp2a.h */ = {isa = PBXFileReference; lastKnownFileType = sourcecode.c.h; path = jp2a.h; sourceTree = "<group>"; };
		7BFF506618F5718F006271B5 /* options.h */ = {isa = PBXFileReference; lastKnownFileType = sourcecode.c.h; path = options.h; sourceTree = "<group>"; };
		7BFF506718F5718F006271B5 /* INSTALL */ = {isa = PBXFileReference; lastKnownFileType = text; path = INSTALL; sourceTree = "<group>"; };
		7BFF506818F5718F006271B5 /* install-sh */ = {isa = PBXFileReference; lastKnownFileType = text.script.sh; path = "install-sh"; sourceTree = "<group>"; };
		7BFF506D18F5718F006271B5 /* jp2a.1 */ = {isa = PBXFileReference; lastKnownFileType = text.man; path = jp2a.1; sourceTree = "<group>"; };
		7BFF506E18F5718F006271B5 /* jp2a.html */ = {isa = PBXFileReference; lastKnownFileType = text.html; path = jp2a.html; sourceTree = "<group>"; };
		7BFF506F18F5718F006271B5 /* missing */ = {isa = PBXFileReference; lastKnownFileType = text.script.sh; path = missing; sourceTree = "<group>"; };
		7BFF507118F5718F006271B5 /* README */ = {isa = PBXFileReference; lastKnownFileType = text; path = README; sourceTree = "<group>"; };
		7BFF507318F5718F006271B5 /* curl.m */ = {isa = PBXFileReference; lastKnownFileType = sourcecode.c.objc; path = curl.m; sourceTree = "<group>"; };
		7BFF507418F5718F006271B5 /* html.m */ = {isa = PBXFileReference; lastKnownFileType = sourcecode.c.objc; path = html.m; sourceTree = "<group>"; };
		7BFF507518F5718F006271B5 /* image.m */ = {isa = PBXFileReference; lastKnownFileType = sourcecode.c.objc; path = image.m; sourceTree = "<group>"; };
		7BFF507618F5718F006271B5 /* jp2a.m */ = {isa = PBXFileReference; lastKnownFileType = sourcecode.c.objc; path = jp2a.m; sourceTree = "<group>"; };
		7BFF507718F5718F006271B5 /* Makefile.am */ = {isa = PBXFileReference; lastKnownFileType = text; path = Makefile.am; sourceTree = "<group>"; };
		7BFF507818F5718F006271B5 /* Makefile.in */ = {isa = PBXFileReference; lastKnownFileType = text; path = Makefile.in; sourceTree = "<group>"; };
		7BFF507918F5718F006271B5 /* options.m */ = {isa = PBXFileReference; lastKnownFileType = sourcecode.c.objc; path = options.m; sourceTree = "<group>"; };
		7BFF507A18F5718F006271B5 /* term.m */ = {isa = PBXFileReference; lastKnownFileType = sourcecode.c.objc; path = term.m; sourceTree = "<group>"; };
		7BFF507C18F5718F006271B5 /* 10h.txt */ = {isa = PBXFileReference; lastKnownFileType = text; path = 10h.txt; sourceTree = "<group>"; };
		7BFF507D18F5718F006271B5 /* 110x30-i-b.txt */ = {isa = PBXFileReference; lastKnownFileType = text; path = "110x30-i-b.txt"; sourceTree = "<group>"; };
		7BFF507E18F5718F006271B5 /* 160x49.txt */ = {isa = PBXFileReference; lastKnownFileType = text; path = 160x49.txt; sourceTree = "<group>"; };
		7BFF507F18F5718F006271B5 /* 1x1-inv.txt */ = {isa = PBXFileReference; lastKnownFileType = text; path = "1x1-inv.txt"; sourceTree = "<group>"; };
		7BFF508018F5718F006271B5 /* 2xnormal-b.txt */ = {isa = PBXFileReference; lastKnownFileType = text; path = "2xnormal-b.txt"; sourceTree = "<group>"; };
		7BFF508118F5718F006271B5 /* 40x40.txt */ = {isa = PBXFileReference; lastKnownFileType = text; path = 40x40.txt; sourceTree = "<group>"; };
		7BFF508218F5718F006271B5 /* dalsnuten-256-light.html */ = {isa = PBXFileReference; lastKnownFileType = text.html; path = "dalsnuten-256-light.html"; sourceTree = "<group>"; };
		7BFF508318F5718F006271B5 /* dalsnuten-256.html */ = {isa = PBXFileReference; lastKnownFileType = text.html; path = "dalsnuten-256.html"; sourceTree = "<group>"; };
		7BFF508418F5718F006271B5 /* dalsnuten-640x480-gray-low.jpg */ = {isa = PBXFileReference; lastKnownFileType = image.jpeg; path = "dalsnuten-640x480-gray-low.jpg"; sourceTree = "<group>"; };
		7BFF508518F5718F006271B5 /* dalsnuten-640x480-gray-low.txt */ = {isa = PBXFileReference; lastKnownFileType = text; path = "dalsnuten-640x480-gray-low.txt"; sourceTree = "<group>"; };
		7BFF508618F5718F006271B5 /* dalsnuten-640x480-rgb-low.txt */ = {isa = PBXFileReference; lastKnownFileType = text; path = "dalsnuten-640x480-rgb-low.txt"; sourceTree = "<group>"; };
		7BFF508718F5718F006271B5 /* dalsnuten-80x49-inv.txt */ = {isa = PBXFileReference; lastKnownFileType = text; path = "dalsnuten-80x49-inv.txt"; sourceTree = "<group>"; };
		7BFF508818F5718F006271B5 /* dalsnuten-color.html */ = {isa = PBXFileReference; lastKnownFileType = text.html; path = "dalsnuten-color.html"; sourceTree = "<group>"; };
		7BFF508918F5718F006271B5 /* dalsnuten-color.txt */ = {isa = PBXFileReference; lastKnownFileType = text; path = "dalsnuten-color.txt"; sourceTree = "<group>"; };
		7BFF508A18F5718F006271B5 /* dalsnuten-invert.txt */ = {isa = PBXFileReference; lastKnownFileType = text; path = "dalsnuten-invert.txt"; sourceTree = "<group>"; };
		7BFF508B18F5718F006271B5 /* dalsnuten-jp2a-2000x2000-md5.txt */ = {isa = PBXFileReference; lastKnownFileType = text; path = "dalsnuten-jp2a-2000x2000-md5.txt"; sourceTree = "<group>"; };
		7BFF508C18F5718F006271B5 /* dalsnuten-normal.txt */ = {isa = PBXFileReference; lastKnownFileType = text; path = "dalsnuten-normal.txt"; sourceTree = "<group>"; };
		7BFF508D18F5718F006271B5 /* flip-xy-invert.txt */ = {isa = PBXFileReference; lastKnownFileType = text; path = "flip-xy-invert.txt"; sourceTree = "<group>"; };
		7BFF508E18F5718F006271B5 /* grind-2grayscale-fill.html */ = {isa = PBXFileReference; lastKnownFileType = text.html; path = "grind-2grayscale-fill.html"; sourceTree = "<group>"; };
		7BFF508F18F5718F006271B5 /* grind-2grayscale-fill.txt */ = {isa = PBXFileReference; lastKnownFileType = text; path = "grind-2grayscale-fill.txt"; sourceTree = "<group>"; };
		7BFF509018F5718F006271B5 /* grind-2grayscale.html */ = {isa = PBXFileReference; lastKnownFileType = text.html; path = "grind-2grayscale.html"; sourceTree = "<group>"; };
		7BFF509118F5718F006271B5 /* grind-blue.txt */ = {isa = PBXFileReference; lastKnownFileType = text; path = "grind-blue.txt"; sourceTree = "<group>"; };
		7BFF509218F5718F006271B5 /* grind-color-dark-fill.html */ = {isa = PBXFileReference; lastKnownFileType = text.html; path = "grind-color-dark-fill.html"; sourceTree = "<group>"; };
		7BFF509318F5718F006271B5 /* grind-color-dark.html */ = {isa = PBXFileReference; lastKnownFileType = text.html; path = "grind-color-dark.html"; sourceTree = "<group>"; };
		7BFF509418F5718F006271B5 /* grind-color.html */ = {isa = PBXFileReference; lastKnownFileType = text.html; path = "grind-color.html"; sourceTree = "<group>"; };
		7BFF509518F5718F006271B5 /* grind-color.txt */ = {isa = PBXFileReference; lastKnownFileType = text; path = "grind-color.txt"; sourceTree = "<group>"; };
		7BFF509618F5718F006271B5 /* grind-fill.txt */ = {isa = PBXFileReference; lastKnownFileType = text; path = "grind-fill.txt"; sourceTree = "<group>"; };
		7BFF509718F5718F006271B5 /* grind-flipx.html */ = {isa = PBXFileReference; lastKnownFileType = text.html; path = "grind-flipx.html"; sourceTree = "<group>"; };
		7BFF509818F5718F006271B5 /* grind-flipxy.html */ = {isa = PBXFileReference; lastKnownFileType = text.html; path = "grind-flipxy.html"; sourceTree = "<group>"; };
		7BFF509918F5718F006271B5 /* grind-flipy.html */ = {isa = PBXFileReference; lastKnownFileType = text.html; path = "grind-flipy.html"; sourceTree = "<group>"; };
		7BFF509A18F5718F006271B5 /* grind-green.txt */ = {isa = PBXFileReference; lastKnownFileType = text; path = "grind-green.txt"; sourceTree = "<group>"; };
		7BFF509B18F5718F006271B5 /* grind-nobold.html */ = {isa = PBXFileReference; lastKnownFileType = text.html; path = "grind-nobold.html"; sourceTree = "<group>"; };
		7BFF509C18F5718F006271B5 /* grind-red.txt */ = {isa = PBXFileReference; lastKnownFileType = text; path = "grind-red.txt"; sourceTree = "<group>"; };
		7BFF509D18F5718F006271B5 /* grind.jpg */ = {isa = PBXFileReference; lastKnownFileType = image.jpeg; path = grind.jpg; sourceTree = "<group>"; };
		7BFF509E18F5718F006271B5 /* grind.txt */ = {isa = PBXFileReference; lastKnownFileType = text; path = grind.txt; sourceTree = "<group>"; };
		7BFF509F18F5718F006271B5 /* html-raw.txt */ = {isa = PBXFileReference; lastKnownFileType = text; path = "html-raw.txt"; sourceTree = "<group>"; };
		7BFF50A018F5718F006271B5 /* html-title.txt */ = {isa = PBXFileReference; lastKnownFileType = text; path = "html-title.txt"; sourceTree = "<group>"; };
		7BFF50A118F5718F006271B5 /* jp2a.jpg */ = {isa = PBXFileReference; lastKnownFileType = image.jpeg; path = jp2a.jpg; sourceTree = "<group>"; };
		7BFF50A218F5718F006271B5 /* logo-30.txt */ = {isa = PBXFileReference; lastKnownFileType = text; path = "logo-30.txt"; sourceTree = "<group>"; };
		7BFF50A318F5718F006271B5 /* logo-40x25-gray.jpg */ = {isa = PBXFileReference; lastKnownFileType = image.jpeg; path = "logo-40x25-gray.jpg"; sourceTree = "<group>"; };
		7BFF50A418F5718F006271B5 /* logo.html */ = {isa = PBXFileReference; lastKnownFileType = text.html; path = logo.html; sourceTree = "<group>"; };
		7BFF50A518F5718F006271B5 /* Makefile */ = {isa = PBXFileReference; lastKnownFileType = sourcecode.make; path = Makefile; sourceTree = "<group>"; };
		7BFF50A618F5718F006271B5 /* normal-b.txt */ = {isa = PBXFileReference; lastKnownFileType = text; path = "normal-b.txt"; sourceTree = "<group>"; };
		7BFF50A718F5718F006271B5 /* normal-clear.txt */ = {isa = PBXFileReference; lastKnownFileType = text; path = "normal-clear.txt"; sourceTree = "<group>"; };
		7BFF50A818F5718F006271B5 /* normal-curl.txt */ = {isa = PBXFileReference; lastKnownFileType = text; path = "normal-curl.txt"; sourceTree = "<group>"; };
		7BFF50A918F5718F006271B5 /* normal-verbose.txt */ = {isa = PBXFileReference; lastKnownFileType = text; path = "normal-verbose.txt"; sourceTree = "<group>"; };
		7BFF50AA18F5718F006271B5 /* normal.txt */ = {isa = PBXFileReference; lastKnownFileType = text; path = normal.txt; sourceTree = "<group>"; };
		7BFF50AB18F5718F006271B5 /* run-tests.sh */ = {isa = PBXFileReference; lastKnownFileType = text.script.sh; path = "run-tests.sh"; sourceTree = "<group>"; };
		7BFF50AC18F5718F006271B5 /* test-term.txt */ = {isa = PBXFileReference; lastKnownFileType = text; path = "test-term.txt"; sourceTree = "<group>"; };
/* End PBXFileReference section */

/* Begin PBXFrameworksBuildPhase section */
		7BA11A3B1918D2E300BF7D2C /* Frameworks */ = {
			isa = PBXFrameworksBuildPhase;
			buildActionMask = 2147483647;
			files = (
			);
			runOnlyForDeploymentPostprocessing = 0;
		};
		7BC05C3A194B091800E60ACA /* Frameworks */ = {
			isa = PBXFrameworksBuildPhase;
			buildActionMask = 2147483647;
			files = (
				7BC05CA4194B40E900E60ACA /* libAQOptions.a in Frameworks */,
			);
			runOnlyForDeploymentPostprocessing = 0;
		};
		7BC05C4C194B091800E60ACA /* Frameworks */ = {
			isa = PBXFrameworksBuildPhase;
			buildActionMask = 2147483647;
			files = (
				7BC05C55194B091900E60ACA /* libatozio.dylib in Frameworks */,
				7BC05C52194B091900E60ACA /* Cocoa.framework in Frameworks */,
				7BC05C51194B091900E60ACA /* XCTest.framework in Frameworks */,
			);
			runOnlyForDeploymentPostprocessing = 0;
		};
/* End PBXFrameworksBuildPhase section */

/* Begin PBXGroup section */
		7B18058218F4AE8800488684 /* curryQtaire */ = {
			isa = PBXGroup;
			children = (
				7B18058318F4AE8800488684 /* curryQtaire.m */,
			);
			path = curryQtaire;
			sourceTree = "<group>";
		};
		7B18919418A9C5EA00E8A015 = {
			isa = PBXGroup;
			children = (
				7BFF505B18F5718F006271B5 /* jp2a-1.0.6 */,
				7B1891B118A9C60D00E8A015 /* animation.h */,
				7B1891B018A9C60D00E8A015 /* nyancat.h */,
				7B1891AF18A9C60D00E8A015 /* nyancat.m */,
				7B1891AE18A9C60D00E8A015 /* telnet.h */,
				7B1891B418A9C87F00E8A015 /* TelnetServer.h */,
				7B1891B518A9C87F00E8A015 /* TelnetServer.m */,
				7B1891A618A9C5EA00E8A015 /* nyancat-Prefix.pch */,
				7B18058218F4AE8800488684 /* curryQtaire */,
				7BC05C45194B091800E60ACA /* atozio */,
				7BC05C56194B091900E60ACA /* atozioTests */,
				7BC05C3E194B091800E60ACA /* Frameworks */,
				7B18919E18A9C5EA00E8A015 /* Products */,
			);
			sourceTree = "<group>";
		};
		7B18919E18A9C5EA00E8A015 /* Products */ = {
			isa = PBXGroup;
			children = (
				7B18919D18A9C5EA00E8A015 /* nyancat */,
				7B18057E18F4AE8800488684 /* curryQtaire */,
				7BC05C3D194B091800E60ACA /* libatozio.dylib */,
				7BC05C4F194B091800E60ACA /* atozioTests.xctest */,
			);
			name = Products;
			sourceTree = "<group>";
		};
		7BC05C3E194B091800E60ACA /* Frameworks */ = {
			isa = PBXGroup;
			children = (
				7BC05C3F194B091800E60ACA /* Cocoa.framework */,
				7BC05C50194B091900E60ACA /* XCTest.framework */,
				7BC05C41194B091800E60ACA /* Other Frameworks */,
			);
			name = Frameworks;
			sourceTree = "<group>";
		};
		7BC05C41194B091800E60ACA /* Other Frameworks */ = {
			isa = PBXGroup;
			children = (
				7BC05C42194B091800E60ACA /* Foundation.framework */,
				7BC05C43194B091800E60ACA /* CoreData.framework */,
				7BC05C44194B091800E60ACA /* AppKit.framework */,
			);
			name = "Other Frameworks";
			sourceTree = "<group>";
		};
		7BC05C45194B091800E60ACA /* atozio */ = {
			isa = PBXGroup;
			children = (
				7BC05C98194B40D900E60ACA /* AQOptionParser.xcodeproj */,
				7BC05C48194B091800E60ACA /* atozio.h */,
				7BC05C49194B091800E60ACA /* atozio.m */,
				7BC05C46194B091800E60ACA /* Supporting Files */,
			);
			path = atozio;
			sourceTree = "<group>";
		};
		7BC05C46194B091800E60ACA /* Supporting Files */ = {
			isa = PBXGroup;
			children = (
				7BC05C47194B091800E60ACA /* atozio-Prefix.pch */,
			);
			name = "Supporting Files";
			sourceTree = "<group>";
		};
		7BC05C56194B091900E60ACA /* atozioTests */ = {
			isa = PBXGroup;
			children = (
				7BC05C5C194B091900E60ACA /* atozioTests.m */,
				7BC05C57194B091900E60ACA /* Supporting Files */,
			);
			path = atozioTests;
			sourceTree = "<group>";
		};
		7BC05C57194B091900E60ACA /* Supporting Files */ = {
			isa = PBXGroup;
			children = (
				7BC05C58194B091900E60ACA /* atozioTests-Info.plist */,
				7BC05C59194B091900E60ACA /* InfoPlist.strings */,
			);
			name = "Supporting Files";
			sourceTree = "<group>";
		};
		7BC05C99194B40D900E60ACA /* Products */ = {
			isa = PBXGroup;
			children = (
				7BC05C9F194B40DA00E60ACA /* AQOptionParser.framework */,
				7BC05CA1194B40DA00E60ACA /* AQOptionParserTests.octest */,
				7BC05CA3194B40DA00E60ACA /* libAQOptions.a */,
			);
			name = Products;
			sourceTree = "<group>";
		};
		7BFF505B18F5718F006271B5 /* jp2a-1.0.6 */ = {
			isa = PBXGroup;
			children = (
				7BFF505F18F5718F006271B5 /* config.h.in */,
				7BFF506018F5718F006271B5 /* configure */,
				7BFF506118F5718F006271B5 /* configure.ac */,
				7BFF506418F5718F006271B5 /* include */,
				7BFF506718F5718F006271B5 /* INSTALL */,
				7BFF506818F5718F006271B5 /* install-sh */,
				7BFF506C18F5718F006271B5 /* man */,
				7BFF506F18F5718F006271B5 /* missing */,
				7BFF507118F5718F006271B5 /* README */,
				7BFF507218F5718F006271B5 /* src */,
				7BFF507B18F5718F006271B5 /* tests */,
			);
			path = "jp2a-1.0.6";
			sourceTree = "<group>";
		};
		7BFF506418F5718F006271B5 /* include */ = {
			isa = PBXGroup;
			children = (
				7BFF506518F5718F006271B5 /* jp2a.h */,
				7BFF506618F5718F006271B5 /* options.h */,
			);
			path = include;
			sourceTree = "<group>";
		};
		7BFF506C18F5718F006271B5 /* man */ = {
			isa = PBXGroup;
			children = (
				7BFF506D18F5718F006271B5 /* jp2a.1 */,
				7BFF506E18F5718F006271B5 /* jp2a.html */,
			);
			path = man;
			sourceTree = "<group>";
		};
		7BFF507218F5718F006271B5 /* src */ = {
			isa = PBXGroup;
			children = (
				7BFF507318F5718F006271B5 /* curl.m */,
				7BFF507418F5718F006271B5 /* html.m */,
				7BFF507518F5718F006271B5 /* image.m */,
				7BFF507618F5718F006271B5 /* jp2a.m */,
				7BFF507718F5718F006271B5 /* Makefile.am */,
				7BFF507818F5718F006271B5 /* Makefile.in */,
				7BFF507918F5718F006271B5 /* options.m */,
				7BFF507A18F5718F006271B5 /* term.m */,
			);
			path = src;
			sourceTree = "<group>";
		};
		7BFF507B18F5718F006271B5 /* tests */ = {
			isa = PBXGroup;
			children = (
				7BFF507C18F5718F006271B5 /* 10h.txt */,
				7BFF507D18F5718F006271B5 /* 110x30-i-b.txt */,
				7BFF507E18F5718F006271B5 /* 160x49.txt */,
				7BFF507F18F5718F006271B5 /* 1x1-inv.txt */,
				7BFF508018F5718F006271B5 /* 2xnormal-b.txt */,
				7BFF508118F5718F006271B5 /* 40x40.txt */,
				7BFF508218F5718F006271B5 /* dalsnuten-256-light.html */,
				7BFF508318F5718F006271B5 /* dalsnuten-256.html */,
				7BFF508418F5718F006271B5 /* dalsnuten-640x480-gray-low.jpg */,
				7BFF508518F5718F006271B5 /* dalsnuten-640x480-gray-low.txt */,
				7BFF508618F5718F006271B5 /* dalsnuten-640x480-rgb-low.txt */,
				7BFF508718F5718F006271B5 /* dalsnuten-80x49-inv.txt */,
				7BFF508818F5718F006271B5 /* dalsnuten-color.html */,
				7BFF508918F5718F006271B5 /* dalsnuten-color.txt */,
				7BFF508A18F5718F006271B5 /* dalsnuten-invert.txt */,
				7BFF508B18F5718F006271B5 /* dalsnuten-jp2a-2000x2000-md5.txt */,
				7BFF508C18F5718F006271B5 /* dalsnuten-normal.txt */,
				7BFF508D18F5718F006271B5 /* flip-xy-invert.txt */,
				7BFF508E18F5718F006271B5 /* grind-2grayscale-fill.html */,
				7BFF508F18F5718F006271B5 /* grind-2grayscale-fill.txt */,
				7BFF509018F5718F006271B5 /* grind-2grayscale.html */,
				7BFF509118F5718F006271B5 /* grind-blue.txt */,
				7BFF509218F5718F006271B5 /* grind-color-dark-fill.html */,
				7BFF509318F5718F006271B5 /* grind-color-dark.html */,
				7BFF509418F5718F006271B5 /* grind-color.html */,
				7BFF509518F5718F006271B5 /* grind-color.txt */,
				7BFF509618F5718F006271B5 /* grind-fill.txt */,
				7BFF509718F5718F006271B5 /* grind-flipx.html */,
				7BFF509818F5718F006271B5 /* grind-flipxy.html */,
				7BFF509918F5718F006271B5 /* grind-flipy.html */,
				7BFF509A18F5718F006271B5 /* grind-green.txt */,
				7BFF509B18F5718F006271B5 /* grind-nobold.html */,
				7BFF509C18F5718F006271B5 /* grind-red.txt */,
				7BFF509D18F5718F006271B5 /* grind.jpg */,
				7BFF509E18F5718F006271B5 /* grind.txt */,
				7BFF509F18F5718F006271B5 /* html-raw.txt */,
				7BFF50A018F5718F006271B5 /* html-title.txt */,
				7BFF50A118F5718F006271B5 /* jp2a.jpg */,
				7BFF50A218F5718F006271B5 /* logo-30.txt */,
				7BFF50A318F5718F006271B5 /* logo-40x25-gray.jpg */,
				7BFF50A418F5718F006271B5 /* logo.html */,
				7BFF50A518F5718F006271B5 /* Makefile */,
				7BFF50A618F5718F006271B5 /* normal-b.txt */,
				7BFF50A718F5718F006271B5 /* normal-clear.txt */,
				7BFF50A818F5718F006271B5 /* normal-curl.txt */,
				7BFF50A918F5718F006271B5 /* normal-verbose.txt */,
				7BFF50AA18F5718F006271B5 /* normal.txt */,
				7BFF50AB18F5718F006271B5 /* run-tests.sh */,
				7BFF50AC18F5718F006271B5 /* test-term.txt */,
			);
			path = tests;
			sourceTree = "<group>";
		};
/* End PBXGroup section */

/* Begin PBXHeadersBuildPhase section */
		7BC05C3B194B091800E60ACA /* Headers */ = {
			isa = PBXHeadersBuildPhase;
			buildActionMask = 2147483647;
			files = (
				7BC05C64194B096700E60ACA /* atozio.h in Headers */,
			);
			runOnlyForDeploymentPostprocessing = 0;
		};
/* End PBXHeadersBuildPhase section */

/* Begin PBXNativeTarget section */
		7B18057D18F4AE8800488684 /* curryQtaire */ = {
			isa = PBXNativeTarget;
			buildConfigurationList = 7B18058918F4AE8800488684 /* Build configuration list for PBXNativeTarget "curryQtaire" */;
			buildPhases = (
				7B18057A18F4AE8800488684 /* Sources */,
			);
			buildRules = (
			);
			dependencies = (
				7BC05C66194B0A8200E60ACA /* PBXTargetDependency */,
			);
			name = curryQtaire;
			productName = curryQtaire;
			productReference = 7B18057E18F4AE8800488684 /* curryQtaire */;
			productType = "com.apple.product-type.tool";
		};
		7B18919C18A9C5EA00E8A015 /* nyancat */ = {
			isa = PBXNativeTarget;
			buildConfigurationList = 7B1891AB18A9C5EA00E8A015 /* Build configuration list for PBXNativeTarget "nyancat" */;
			buildPhases = (
				7B18919918A9C5EA00E8A015 /* Sources */,
				7BA11A3B1918D2E300BF7D2C /* Frameworks */,
			);
			buildRules = (
			);
			dependencies = (
			);
			name = nyancat;
			productName = nyancat;
			productReference = 7B18919D18A9C5EA00E8A015 /* nyancat */;
			productType = "com.apple.product-type.tool";
		};
		7BC05C3C194B091800E60ACA /* atozio */ = {
			isa = PBXNativeTarget;
			buildConfigurationList = 7BC05C62194B091900E60ACA /* Build configuration list for PBXNativeTarget "atozio" */;
			buildPhases = (
				7BC05C39194B091800E60ACA /* Sources */,
				7BC05C3A194B091800E60ACA /* Frameworks */,
				7BC05C3B194B091800E60ACA /* Headers */,
			);
			buildRules = (
			);
			dependencies = (
				7BC05CA6194B40EE00E60ACA /* PBXTargetDependency */,
			);
			name = atozio;
			productName = atozio;
			productReference = 7BC05C3D194B091800E60ACA /* libatozio.dylib */;
			productType = "com.apple.product-type.library.dynamic";
		};
		7BC05C4E194B091800E60ACA /* atozioTests */ = {
			isa = PBXNativeTarget;
			buildConfigurationList = 7BC05C63194B091900E60ACA /* Build configuration list for PBXNativeTarget "atozioTests" */;
			buildPhases = (
				7BC05C4B194B091800E60ACA /* Sources */,
				7BC05C4C194B091800E60ACA /* Frameworks */,
				7BC05C4D194B091800E60ACA /* Resources */,
			);
			buildRules = (
			);
			dependencies = (
				7BC05C54194B091900E60ACA /* PBXTargetDependency */,
			);
			name = atozioTests;
			productName = atozioTests;
			productReference = 7BC05C4F194B091800E60ACA /* atozioTests.xctest */;
			productType = "com.apple.product-type.bundle.unit-test";
		};
/* End PBXNativeTarget section */

/* Begin PBXProject section */
		7B18919518A9C5EA00E8A015 /* Project object */ = {
			isa = PBXProject;
			attributes = {
				LastUpgradeCheck = 0600;
				ORGANIZATIONNAME = "Alex Gray";
				TargetAttributes = {
					7BC05C4E194B091800E60ACA = {
						TestTargetID = 7BC05C3C194B091800E60ACA;
					};
				};
			};
			buildConfigurationList = 7B18919818A9C5EA00E8A015 /* Build configuration list for PBXProject "nyancatX" */;
			compatibilityVersion = "Xcode 3.2";
			developmentRegion = English;
			hasScannedForEncodings = 0;
			knownRegions = (
				en,
			);
			mainGroup = 7B18919418A9C5EA00E8A015;
			productRefGroup = 7B18919E18A9C5EA00E8A015 /* Products */;
			projectDirPath = "";
			projectReferences = (
				{
					ProductGroup = 7BC05C99194B40D900E60ACA /* Products */;
					ProjectRef = 7BC05C98194B40D900E60ACA /* AQOptionParser.xcodeproj */;
				},
			);
			projectRoot = "";
			targets = (
				7B18919C18A9C5EA00E8A015 /* nyancat */,
				7B18057D18F4AE8800488684 /* curryQtaire */,
				7BC05C3C194B091800E60ACA /* atozio */,
				7BC05C4E194B091800E60ACA /* atozioTests */,
			);
		};
/* End PBXProject section */

/* Begin PBXReferenceProxy section */
		7BC05C9F194B40DA00E60ACA /* AQOptionParser.framework */ = {
			isa = PBXReferenceProxy;
			fileType = wrapper.framework;
			path = AQOptionParser.framework;
			remoteRef = 7BC05C9E194B40DA00E60ACA /* PBXContainerItemProxy */;
			sourceTree = BUILT_PRODUCTS_DIR;
		};
		7BC05CA1194B40DA00E60ACA /* AQOptionParserTests.octest */ = {
			isa = PBXReferenceProxy;
			fileType = wrapper.cfbundle;
			path = AQOptionParserTests.octest;
			remoteRef = 7BC05CA0194B40DA00E60ACA /* PBXContainerItemProxy */;
			sourceTree = BUILT_PRODUCTS_DIR;
		};
		7BC05CA3194B40DA00E60ACA /* libAQOptions.a */ = {
			isa = PBXReferenceProxy;
			fileType = archive.ar;
			path = libAQOptions.a;
			remoteRef = 7BC05CA2194B40DA00E60ACA /* PBXContainerItemProxy */;
			sourceTree = BUILT_PRODUCTS_DIR;
		};
/* End PBXReferenceProxy section */

/* Begin PBXResourcesBuildPhase section */
		7BC05C4D194B091800E60ACA /* Resources */ = {
			isa = PBXResourcesBuildPhase;
			buildActionMask = 2147483647;
			files = (
				7BC05C5B194B091900E60ACA /* InfoPlist.strings in Resources */,
			);
			runOnlyForDeploymentPostprocessing = 0;
		};
/* End PBXResourcesBuildPhase section */

/* Begin PBXSourcesBuildPhase section */
		7B18057A18F4AE8800488684 /* Sources */ = {
			isa = PBXSourcesBuildPhase;
			buildActionMask = 2147483647;
			files = (
				7B18058418F4AE8800488684 /* curryQtaire.m in Sources */,
			);
			runOnlyForDeploymentPostprocessing = 0;
		};
		7B18919918A9C5EA00E8A015 /* Sources */ = {
			isa = PBXSourcesBuildPhase;
			buildActionMask = 2147483647;
			files = (
				7BA11A3A1918D29C00BF7D2C /* nyancat.m in Sources */,
				7BA11A391918D29400BF7D2C /* TelnetServer.m in Sources */,
			);
			runOnlyForDeploymentPostprocessing = 0;
		};
		7BC05C39194B091800E60ACA /* Sources */ = {
			isa = PBXSourcesBuildPhase;
			buildActionMask = 2147483647;
			files = (
				7BC05C4A194B091800E60ACA /* atozio.m in Sources */,
			);
			runOnlyForDeploymentPostprocessing = 0;
		};
		7BC05C4B194B091800E60ACA /* Sources */ = {
			isa = PBXSourcesBuildPhase;
			buildActionMask = 2147483647;
			files = (
				7BC05C5D194B091900E60ACA /* atozioTests.m in Sources */,
			);
			runOnlyForDeploymentPostprocessing = 0;
		};
/* End PBXSourcesBuildPhase section */

/* Begin PBXTargetDependency section */
		7BC05C54194B091900E60ACA /* PBXTargetDependency */ = {
			isa = PBXTargetDependency;
			target = 7BC05C3C194B091800E60ACA /* atozio */;
			targetProxy = 7BC05C53194B091900E60ACA /* PBXContainerItemProxy */;
		};
		7BC05C66194B0A8200E60ACA /* PBXTargetDependency */ = {
			isa = PBXTargetDependency;
			target = 7BC05C3C194B091800E60ACA /* atozio */;
			targetProxy = 7BC05C65194B0A8200E60ACA /* PBXContainerItemProxy */;
		};
		7BC05CA6194B40EE00E60ACA /* PBXTargetDependency */ = {
			isa = PBXTargetDependency;
			name = AQOptions;
			targetProxy = 7BC05CA5194B40EE00E60ACA /* PBXContainerItemProxy */;
		};
/* End PBXTargetDependency section */

/* Begin PBXVariantGroup section */
		7BC05C59194B091900E60ACA /* InfoPlist.strings */ = {
			isa = PBXVariantGroup;
			children = (
				7BC05C5A194B091900E60ACA /* en */,
			);
			name = InfoPlist.strings;
			sourceTree = "<group>";
		};
/* End PBXVariantGroup section */

/* Begin XCBuildConfiguration section */
		7B18058A18F4AE8800488684 /* Debug */ = {
			isa = XCBuildConfiguration;
			buildSettings = {
				CLANG_CXX_LANGUAGE_STANDARD = "compiler-default";
				CLANG_CXX_LIBRARY = "compiler-default";
				CLANG_ENABLE_MODULES = YES;
				GCC_C_LANGUAGE_STANDARD = c11;
				GCC_ENABLE_OBJC_EXCEPTIONS = YES;
				GCC_INPUT_FILETYPE = sourcecode.c.objc;
				GCC_PREPROCESSOR_DEFINITIONS = (
					"DEBUG=1",
					"$(inherited)",
				);
				GCC_WARN_UNINITIALIZED_AUTOS = YES_AGGRESSIVE;
				MACOSX_DEPLOYMENT_TARGET = 10.7;
				OTHER_LDFLAGS = (
					"-framework",
					AtoZ,
					"-latozio",
					"-all_load",
					"-lAQOptions",
				);
				PRODUCT_NAME = "$(TARGET_NAME)";
			};
			name = Debug;
		};
		7B18058B18F4AE8800488684 /* Release */ = {
			isa = XCBuildConfiguration;
			buildSettings = {
				CLANG_CXX_LANGUAGE_STANDARD = "compiler-default";
				CLANG_CXX_LIBRARY = "compiler-default";
				CLANG_ENABLE_MODULES = YES;
				GCC_C_LANGUAGE_STANDARD = c11;
				GCC_ENABLE_OBJC_EXCEPTIONS = YES;
				GCC_INPUT_FILETYPE = sourcecode.c.objc;
				GCC_WARN_UNINITIALIZED_AUTOS = YES_AGGRESSIVE;
				MACOSX_DEPLOYMENT_TARGET = 10.7;
				OTHER_LDFLAGS = (
					"-framework",
					AtoZ,
					"-latozio",
					"-all_load",
					"-lAQOptions",
				);
				PRODUCT_NAME = "$(TARGET_NAME)";
			};
			name = Release;
		};
		7B1891A918A9C5EA00E8A015 /* Debug */ = {
			isa = XCBuildConfiguration;
			buildSettings = {
				ALWAYS_SEARCH_USER_PATHS = NO;
				CLANG_ALLOW_NON_MODULAR_INCLUDES_IN_FRAMEWORK_MODULES = YES;
				CLANG_ENABLE_MODULES = YES;
				CLANG_ENABLE_OBJC_ARC = YES;
				COPY_PHASE_STRIP = NO;
				FRAMEWORK_SEARCH_PATHS = "$(AZBUILD)";
				GCC_C_LANGUAGE_STANDARD = c11;
				GCC_OPTIMIZATION_LEVEL = 0;
				HEADER_SEARCH_PATHS = (
					"$(BUILT_PRODUCTS_DIR)/usr/local/include",
					"$(inherited)",
					/Applications/Xcode.app/Contents/Developer/Toolchains/XcodeDefault.xctoolchain/usr/include,
					/usr/local/include,
				);
				LIBRARY_SEARCH_PATHS = "$(BUILT_PRODUCTS_DIR)";
				MACOSX_DEPLOYMENT_TARGET = 10.8;
				ONLY_ACTIVE_ARCH = YES;
				SDKROOT = macosx;
			};
			name = Debug;
		};
		7B1891AA18A9C5EA00E8A015 /* Release */ = {
			isa = XCBuildConfiguration;
			buildSettings = {
				ALWAYS_SEARCH_USER_PATHS = NO;
				CLANG_ALLOW_NON_MODULAR_INCLUDES_IN_FRAMEWORK_MODULES = YES;
				CLANG_ENABLE_MODULES = YES;
				CLANG_ENABLE_OBJC_ARC = YES;
				COPY_PHASE_STRIP = YES;
				DEBUG_INFORMATION_FORMAT = "dwarf-with-dsym";
				FRAMEWORK_SEARCH_PATHS = "$(AZBUILD)";
				GCC_C_LANGUAGE_STANDARD = c11;
				HEADER_SEARCH_PATHS = (
					"$(BUILT_PRODUCTS_DIR)/usr/local/include",
					"$(inherited)",
					/Applications/Xcode.app/Contents/Developer/Toolchains/XcodeDefault.xctoolchain/usr/include,
					/usr/local/include,
				);
				LIBRARY_SEARCH_PATHS = "$(BUILT_PRODUCTS_DIR)";
				MACOSX_DEPLOYMENT_TARGET = 10.8;
				SDKROOT = macosx;
			};
			name = Release;
		};
		7B1891AC18A9C5EA00E8A015 /* Debug */ = {
			isa = XCBuildConfiguration;
			buildSettings = {
				CLANG_ENABLE_MODULES = YES;
				GCC_C_LANGUAGE_STANDARD = c11;
				GCC_PRECOMPILE_PREFIX_HEADER = NO;
				GCC_PREFIX_HEADER = "nyancatX/nyancat-Prefix.pch";
				OTHER_LDFLAGS = (
					"-framework",
					Foundation,
				);
				PRODUCT_NAME = "$(TARGET_NAME)";
			};
			name = Debug;
		};
		7B1891AD18A9C5EA00E8A015 /* Release */ = {
			isa = XCBuildConfiguration;
			buildSettings = {
				CLANG_ENABLE_MODULES = YES;
				GCC_C_LANGUAGE_STANDARD = c11;
				GCC_PRECOMPILE_PREFIX_HEADER = NO;
				GCC_PREFIX_HEADER = "nyancatX/nyancat-Prefix.pch";
				OTHER_LDFLAGS = (
					"-framework",
					Foundation,
				);
				PRODUCT_NAME = "$(TARGET_NAME)";
			};
			name = Release;
		};
		7BC05C5E194B091900E60ACA /* Debug */ = {
			isa = XCBuildConfiguration;
			buildSettings = {
				CLANG_CXX_LANGUAGE_STANDARD = "gnu++0x";
				CLANG_CXX_LIBRARY = "libc++";
				CLANG_WARN_BOOL_CONVERSION = YES;
				CLANG_WARN_CONSTANT_CONVERSION = YES;
				CLANG_WARN_DIRECT_OBJC_ISA_USAGE = YES_ERROR;
				CLANG_WARN_EMPTY_BODY = YES;
				CLANG_WARN_ENUM_CONVERSION = YES;
				CLANG_WARN_INT_CONVERSION = YES;
				CLANG_WARN_OBJC_ROOT_CLASS = YES_ERROR;
				CLANG_WARN__DUPLICATE_METHOD_MATCH = YES;
				DEPLOYMENT_LOCATION = YES;
				DEPLOYMENT_POSTPROCESSING = YES;
				DSTROOT = /;
				DYLIB_COMPATIBILITY_VERSION = 1;
				DYLIB_CURRENT_VERSION = 1;
				EXECUTABLE_PREFIX = lib;
				GCC_DYNAMIC_NO_PIC = NO;
				GCC_ENABLE_OBJC_EXCEPTIONS = YES;
				GCC_PREPROCESSOR_DEFINITIONS = (
					"DEBUG=1",
					"$(inherited)",
				);
				GCC_SYMBOLS_PRIVATE_EXTERN = NO;
				GCC_WARN_64_TO_32_BIT_CONVERSION = YES;
				GCC_WARN_ABOUT_RETURN_TYPE = YES_ERROR;
				GCC_WARN_UNDECLARED_SELECTOR = YES;
				GCC_WARN_UNINITIALIZED_AUTOS = YES_AGGRESSIVE;
				GCC_WARN_UNUSED_FUNCTION = YES;
				GCC_WARN_UNUSED_VARIABLE = YES;
				GENERATE_MASTER_OBJECT_FILE = YES;
				MACOSX_DEPLOYMENT_TARGET = 10.9;
				OTHER_LDFLAGS = (
					"-sub_library",
					libAQOptions,
				);
				PRODUCT_NAME = "$(TARGET_NAME)";
			};
			name = Debug;
		};
		7BC05C5F194B091900E60ACA /* Release */ = {
			isa = XCBuildConfiguration;
			buildSettings = {
				CLANG_CXX_LANGUAGE_STANDARD = "gnu++0x";
				CLANG_CXX_LIBRARY = "libc++";
				CLANG_WARN_BOOL_CONVERSION = YES;
				CLANG_WARN_CONSTANT_CONVERSION = YES;
				CLANG_WARN_DIRECT_OBJC_ISA_USAGE = YES_ERROR;
				CLANG_WARN_EMPTY_BODY = YES;
				CLANG_WARN_ENUM_CONVERSION = YES;
				CLANG_WARN_INT_CONVERSION = YES;
				CLANG_WARN_OBJC_ROOT_CLASS = YES_ERROR;
				CLANG_WARN__DUPLICATE_METHOD_MATCH = YES;
				DEPLOYMENT_LOCATION = YES;
				DEPLOYMENT_POSTPROCESSING = YES;
				DSTROOT = /;
				DYLIB_COMPATIBILITY_VERSION = 1;
				DYLIB_CURRENT_VERSION = 1;
				ENABLE_NS_ASSERTIONS = NO;
				EXECUTABLE_PREFIX = lib;
				GCC_ENABLE_OBJC_EXCEPTIONS = YES;
				GCC_WARN_64_TO_32_BIT_CONVERSION = YES;
				GCC_WARN_ABOUT_RETURN_TYPE = YES_ERROR;
				GCC_WARN_UNDECLARED_SELECTOR = YES;
				GCC_WARN_UNINITIALIZED_AUTOS = YES_AGGRESSIVE;
				GCC_WARN_UNUSED_FUNCTION = YES;
				GCC_WARN_UNUSED_VARIABLE = YES;
				GENERATE_MASTER_OBJECT_FILE = YES;
				MACOSX_DEPLOYMENT_TARGET = 10.9;
				OTHER_LDFLAGS = (
					"-sub_library",
					libAQOptions,
				);
				PRODUCT_NAME = "$(TARGET_NAME)";
			};
			name = Release;
		};
		7BC05C60194B091900E60ACA /* Debug */ = {
			isa = XCBuildConfiguration;
			buildSettings = {
				BUNDLE_LOADER = "$(BUILT_PRODUCTS_DIR)/atozio.dylib";
				CLANG_CXX_LANGUAGE_STANDARD = "gnu++0x";
				CLANG_CXX_LIBRARY = "libc++";
				CLANG_WARN_BOOL_CONVERSION = YES;
				CLANG_WARN_CONSTANT_CONVERSION = YES;
				CLANG_WARN_DIRECT_OBJC_ISA_USAGE = YES_ERROR;
				CLANG_WARN_EMPTY_BODY = YES;
				CLANG_WARN_ENUM_CONVERSION = YES;
				CLANG_WARN_INT_CONVERSION = YES;
				CLANG_WARN_OBJC_ROOT_CLASS = YES_ERROR;
				CLANG_WARN__DUPLICATE_METHOD_MATCH = YES;
				COMBINE_HIDPI_IMAGES = YES;
				FRAMEWORK_SEARCH_PATHS = (
					"$(DEVELOPER_FRAMEWORKS_DIR)",
					"$(inherited)",
				);
				GCC_C_LANGUAGE_STANDARD = gnu99;
				GCC_DYNAMIC_NO_PIC = NO;
				GCC_ENABLE_OBJC_EXCEPTIONS = YES;
				GCC_PRECOMPILE_PREFIX_HEADER = YES;
				GCC_PREFIX_HEADER = "atozio/atozio-Prefix.pch";
				GCC_PREPROCESSOR_DEFINITIONS = (
					"DEBUG=1",
					"$(inherited)",
				);
				GCC_SYMBOLS_PRIVATE_EXTERN = NO;
				GCC_WARN_64_TO_32_BIT_CONVERSION = YES;
				GCC_WARN_ABOUT_RETURN_TYPE = YES_ERROR;
				GCC_WARN_UNDECLARED_SELECTOR = YES;
				GCC_WARN_UNINITIALIZED_AUTOS = YES_AGGRESSIVE;
				GCC_WARN_UNUSED_FUNCTION = YES;
				GCC_WARN_UNUSED_VARIABLE = YES;
				INFOPLIST_FILE = "atozioTests/atozioTests-Info.plist";
				MACOSX_DEPLOYMENT_TARGET = 10.9;
				PRODUCT_NAME = "$(TARGET_NAME)";
				TEST_HOST = "$(BUNDLE_LOADER)";
				WRAPPER_EXTENSION = xctest;
			};
			name = Debug;
		};
		7BC05C61194B091900E60ACA /* Release */ = {
			isa = XCBuildConfiguration;
			buildSettings = {
				BUNDLE_LOADER = "$(BUILT_PRODUCTS_DIR)/atozio.dylib";
				CLANG_CXX_LANGUAGE_STANDARD = "gnu++0x";
				CLANG_CXX_LIBRARY = "libc++";
				CLANG_WARN_BOOL_CONVERSION = YES;
				CLANG_WARN_CONSTANT_CONVERSION = YES;
				CLANG_WARN_DIRECT_OBJC_ISA_USAGE = YES_ERROR;
				CLANG_WARN_EMPTY_BODY = YES;
				CLANG_WARN_ENUM_CONVERSION = YES;
				CLANG_WARN_INT_CONVERSION = YES;
				CLANG_WARN_OBJC_ROOT_CLASS = YES_ERROR;
				CLANG_WARN__DUPLICATE_METHOD_MATCH = YES;
				COMBINE_HIDPI_IMAGES = YES;
				ENABLE_NS_ASSERTIONS = NO;
				FRAMEWORK_SEARCH_PATHS = (
					"$(DEVELOPER_FRAMEWORKS_DIR)",
					"$(inherited)",
				);
				GCC_C_LANGUAGE_STANDARD = gnu99;
				GCC_ENABLE_OBJC_EXCEPTIONS = YES;
				GCC_PRECOMPILE_PREFIX_HEADER = YES;
				GCC_PREFIX_HEADER = "atozio/atozio-Prefix.pch";
				GCC_WARN_64_TO_32_BIT_CONVERSION = YES;
				GCC_WARN_ABOUT_RETURN_TYPE = YES_ERROR;
				GCC_WARN_UNDECLARED_SELECTOR = YES;
				GCC_WARN_UNINITIALIZED_AUTOS = YES_AGGRESSIVE;
				GCC_WARN_UNUSED_FUNCTION = YES;
				GCC_WARN_UNUSED_VARIABLE = YES;
				INFOPLIST_FILE = "atozioTests/atozioTests-Info.plist";
				MACOSX_DEPLOYMENT_TARGET = 10.9;
				PRODUCT_NAME = "$(TARGET_NAME)";
				TEST_HOST = "$(BUNDLE_LOADER)";
				WRAPPER_EXTENSION = xctest;
			};
			name = Release;
		};
/* End XCBuildConfiguration section */

/* Begin XCConfigurationList section */
		7B18058918F4AE8800488684 /* Build configuration list for PBXNativeTarget "curryQtaire" */ = {
			isa = XCConfigurationList;
			buildConfigurations = (
				7B18058A18F4AE8800488684 /* Debug */,
				7B18058B18F4AE8800488684 /* Release */,
			);
			defaultConfigurationIsVisible = 0;
			defaultConfigurationName = Release;
		};
		7B18919818A9C5EA00E8A015 /* Build configuration list for PBXProject "nyancatX" */ = {
			isa = XCConfigurationList;
			buildConfigurations = (
				7B1891A918A9C5EA00E8A015 /* Debug */,
				7B1891AA18A9C5EA00E8A015 /* Release */,
			);
			defaultConfigurationIsVisible = 0;
			defaultConfigurationName = Release;
		};
		7B1891AB18A9C5EA00E8A015 /* Build configuration list for PBXNativeTarget "nyancat" */ = {
			isa = XCConfigurationList;
			buildConfigurations = (
				7B1891AC18A9C5EA00E8A015 /* Debug */,
				7B1891AD18A9C5EA00E8A015 /* Release */,
			);
			defaultConfigurationIsVisible = 0;
			defaultConfigurationName = Release;
		};
		7BC05C62194B091900E60ACA /* Build configuration list for PBXNativeTarget "atozio" */ = {
			isa = XCConfigurationList;
			buildConfigurations = (
				7BC05C5E194B091900E60ACA /* Debug */,
				7BC05C5F194B091900E60ACA /* Release */,
			);
			defaultConfigurationIsVisible = 0;
		};
		7BC05C63194B091900E60ACA /* Build configuration list for PBXNativeTarget "atozioTests" */ = {
			isa = XCConfigurationList;
			buildConfigurations = (
				7BC05C60194B091900E60ACA /* Debug */,
				7BC05C61194B091900E60ACA /* Release */,
			);
			defaultConfigurationIsVisible = 0;
		};
/* End XCConfigurationList section */
	};
	rootObject = 7B18919518A9C5EA00E8A015 /* Project object */;
}
